{
  "name": "cloudunify-pro-webfrontend",
  "version": "0.2.0",
  "lockfileVersion": 3,
  "requires": true,
  "packages": {
    "": {
      "name": "cloudunify-pro-webfrontend",
      "version": "0.2.0",
      "dependencies": {
        "papaparse": "^5.4.1",
        "react": "^18.2.0",
        "react-dom": "^18.2.0",
        "react-router-dom": "^6.26.2",
        "xlsx": "^0.18.5",
        "zod": "^3.23.8"
      },
      "devDependencies": {
        "@testing-library/jest-dom": "^6.9.1",
        "@types/react": "^18.2.45",
        "@types/react-dom": "^18.2.18",
        "@vitejs/plugin-react": "^4.3.1",
        "jsdom": "^26.1.0",
        "typescript": "^5.6.3",
        "vite": "^5.0.10",
        "vitest": "^1.6.0"
      }
    },
    "../../../../../../private/tmp/kavia/codegen-1157/.assets/cra-template-kavia": {
      "name": "cra-template",
      "version": "1.2.0",
      "extraneous": true,
      "license": "MIT",
      "engines": {
        "node": ">=14"
      }
    }
  }
}
